
Microsoft Visual Studio Solution File, Format Version 12.00
# Visual Studio Version 17
VisualStudioVersion = 17.13.35818.85
MinimumVisualStudioVersion = 10.0.40219.1
Project("{FAE04EC0-301F-11D3-BF4B-00C04F79EFBC}") = "Abstract", "EPAM .NET Onboarding Learning Task\Abstract.csproj", "{1A3CEA82-69B9-478F-874B-151632F23A15}"
EndProject
Project("{FAE04EC0-301F-11D3-BF4B-00C04F79EFBC}") = "StringOperations", "StringOperations\StringOperations.csproj", "{C0F99185-4842-4F0B-98E3-4CB0332072D3}"
EndProject
Project("{FAE04EC0-301F-11D3-BF4B-00C04F79EFBC}") = "InheritenceUsingInterfaceAndAbstractClasses", "Keywords\InheritenceUsingInterfaceAndAbstractClasses.csproj", "{F4ECA307-9204-4073-8167-BD289E7B265D}"
EndProject
Project("{FAE04EC0-301F-11D3-BF4B-00C04F79EFBC}") = "MethodOverloading", "MethodOverloading\MethodOverloading.csproj", "{BFC08D89-D395-40D2-B06C-D50CD48B5301}"
EndProject
Project("{FAE04EC0-301F-11D3-BF4B-00C04F79EFBC}") = "PolymorphismUsingAbstractAndInterfaceClasses", "PolymorphismUsingAbstractAndInterfaceClasses\PolymorphismUsingAbstractAndInterfaceClasses.csproj", "{A3677C92-CF89-4B02-8F6A-DE606B1D29EA}"
EndProject
Global
	GlobalSection(SolutionConfigurationPlatforms) = preSolution
		Debug|Any CPU = Debug|Any CPU
		Release|Any CPU = Release|Any CPU
	EndGlobalSection
	GlobalSection(ProjectConfigurationPlatforms) = postSolution
		{1A3CEA82-69B9-478F-874B-151632F23A15}.Debug|Any CPU.ActiveCfg = Debug|Any CPU
		{1A3CEA82-69B9-478F-874B-151632F23A15}.Debug|Any CPU.Build.0 = Debug|Any CPU
		{1A3CEA82-69B9-478F-874B-151632F23A15}.Release|Any CPU.ActiveCfg = Release|Any CPU
		{1A3CEA82-69B9-478F-874B-151632F23A15}.Release|Any CPU.Build.0 = Release|Any CPU
		{C0F99185-4842-4F0B-98E3-4CB0332072D3}.Debug|Any CPU.ActiveCfg = Debug|Any CPU
		{C0F99185-4842-4F0B-98E3-4CB0332072D3}.Debug|Any CPU.Build.0 = Debug|Any CPU
		{C0F99185-4842-4F0B-98E3-4CB0332072D3}.Release|Any CPU.ActiveCfg = Release|Any CPU
		{C0F99185-4842-4F0B-98E3-4CB0332072D3}.Release|Any CPU.Build.0 = Release|Any CPU
		{F4ECA307-9204-4073-8167-BD289E7B265D}.Debug|Any CPU.ActiveCfg = Debug|Any CPU
		{F4ECA307-9204-4073-8167-BD289E7B265D}.Debug|Any CPU.Build.0 = Debug|Any CPU
		{F4ECA307-9204-4073-8167-BD289E7B265D}.Release|Any CPU.ActiveCfg = Release|Any CPU
		{F4ECA307-9204-4073-8167-BD289E7B265D}.Release|Any CPU.Build.0 = Release|Any CPU
		{BFC08D89-D395-40D2-B06C-D50CD48B5301}.Debug|Any CPU.ActiveCfg = Debug|Any CPU
		{BFC08D89-D395-40D2-B06C-D50CD48B5301}.Debug|Any CPU.Build.0 = Debug|Any CPU
		{BFC08D89-D395-40D2-B06C-D50CD48B5301}.Release|Any CPU.ActiveCfg = Release|Any CPU
		{BFC08D89-D395-40D2-B06C-D50CD48B5301}.Release|Any CPU.Build.0 = Release|Any CPU
		{A3677C92-CF89-4B02-8F6A-DE606B1D29EA}.Debug|Any CPU.ActiveCfg = Debug|Any CPU
		{A3677C92-CF89-4B02-8F6A-DE606B1D29EA}.Debug|Any CPU.Build.0 = Debug|Any CPU
		{A3677C92-CF89-4B02-8F6A-DE606B1D29EA}.Release|Any CPU.ActiveCfg = Release|Any CPU
		{A3677C92-CF89-4B02-8F6A-DE606B1D29EA}.Release|Any CPU.Build.0 = Release|Any CPU
	EndGlobalSection
	GlobalSection(SolutionProperties) = preSolution
		HideSolutionNode = FALSE
	EndGlobalSection
	GlobalSection(ExtensibilityGlobals) = postSolution
		SolutionGuid = {C8DBEDD6-25C0-488B-8592-6DDA5DEA959F}
	EndGlobalSection
EndGlobal
