
Microsoft Visual Studio Solution File, Format Version 12.00
# Visual Studio Version 17
VisualStudioVersion = 17.13.35818.85
MinimumVisualStudioVersion = 10.0.40219.1
Project("{FAE04EC0-301F-11D3-BF4B-00C04F79EFBC}") = "Abstract", "EPAM .NET Onboarding Learning Task\Abstract.csproj", "{1A3CEA82-69B9-478F-874B-151632F23A15}"
EndProject
Project("{FAE04EC0-301F-11D3-BF4B-00C04F79EFBC}") = "StringOperations", "StringOperations\StringOperations.csproj", "{C0F99185-4842-4F0B-98E3-4CB0332072D3}"
EndProject
Project("{FAE04EC0-301F-11D3-BF4B-00C04F79EFBC}") = "MethodOverloading", "MethodOverloading\MethodOverloading.csproj", "{BFC08D89-D395-40D2-B06C-D50CD48B5301}"
EndProject
Project("{FAE04EC0-301F-11D3-BF4B-00C04F79EFBC}") = "PolymorphismUsingAbstractAndInterfaceClasses", "PolymorphismUsingAbstractAndInterfaceClasses\PolymorphismUsingAbstractAndInterfaceClasses.csproj", "{A3677C92-CF89-4B02-8F6A-DE606B1D29EA}"
EndProject
Project("{FAE04EC0-301F-11D3-BF4B-00C04F79EFBC}") = "AccessModifiersWithInheritence", "AccessModifiersWithInheritence\AccessModifiersWithInheritence.csproj", "{48DF284F-F63B-40DC-8725-CC3F91E1C9AC}"
EndProject
Project("{FAE04EC0-301F-11D3-BF4B-00C04F79EFBC}") = "ObjectComparison", "ObjectComparison\ObjectComparison.csproj", "{9B664AD5-DECE-45C6-AC8D-2E205357473C}"
EndProject
Project("{FAE04EC0-301F-11D3-BF4B-00C04F79EFBC}") = "InheritenceUsingAbstractAndInterfaceClasses", "InheritenceUsingAbstractAndInterfaceClasses\InheritenceUsingAbstractAndInterfaceClasses.csproj", "{118236A5-A79D-429F-9D55-FA070AABF880}"
EndProject
Project("{FAE04EC0-301F-11D3-BF4B-00C04F79EFBC}") = "ExceptionKeywords", "ExceptionKeywords\ExceptionKeywords.csproj", "{69DA9E5F-97F1-4816-877E-6C1EB8C3C261}"
EndProject
Project("{FAE04EC0-301F-11D3-BF4B-00C04F79EFBC}") = "ExceptionHandling", "ExceptionHandling\ExceptionHandling.csproj", "{90F1DDC9-A4FA-4CDE-97C5-D9D04F469754}"
EndProject
Project("{FAE04EC0-301F-11D3-BF4B-00C04F79EFBC}") = "CustomExceptions", "CustomExceptions\CustomExceptions.csproj", "{5C124EFF-2834-4DB9-99D2-032998CA9371}"
EndProject
Project("{FAE04EC0-301F-11D3-BF4B-00C04F79EFBC}") = "Enum", "Enum\Enum.csproj", "{B0F7FD27-7AC0-43E8-B5BB-1AB28D852B20}"
EndProject
Project("{FAE04EC0-301F-11D3-BF4B-00C04F79EFBC}") = "StringBuilder", "StringBuilder\StringBuilder.csproj", "{0495B5FA-A148-4B72-842F-6CC3F4FA3E24}"
EndProject
Global
	GlobalSection(SolutionConfigurationPlatforms) = preSolution
		Debug|Any CPU = Debug|Any CPU
		Release|Any CPU = Release|Any CPU
	EndGlobalSection
	GlobalSection(ProjectConfigurationPlatforms) = postSolution
		{1A3CEA82-69B9-478F-874B-151632F23A15}.Debug|Any CPU.ActiveCfg = Debug|Any CPU
		{1A3CEA82-69B9-478F-874B-151632F23A15}.Debug|Any CPU.Build.0 = Debug|Any CPU
		{1A3CEA82-69B9-478F-874B-151632F23A15}.Release|Any CPU.ActiveCfg = Release|Any CPU
		{1A3CEA82-69B9-478F-874B-151632F23A15}.Release|Any CPU.Build.0 = Release|Any CPU
		{C0F99185-4842-4F0B-98E3-4CB0332072D3}.Debug|Any CPU.ActiveCfg = Debug|Any CPU
		{C0F99185-4842-4F0B-98E3-4CB0332072D3}.Debug|Any CPU.Build.0 = Debug|Any CPU
		{C0F99185-4842-4F0B-98E3-4CB0332072D3}.Release|Any CPU.ActiveCfg = Release|Any CPU
		{C0F99185-4842-4F0B-98E3-4CB0332072D3}.Release|Any CPU.Build.0 = Release|Any CPU
		{BFC08D89-D395-40D2-B06C-D50CD48B5301}.Debug|Any CPU.ActiveCfg = Debug|Any CPU
		{BFC08D89-D395-40D2-B06C-D50CD48B5301}.Debug|Any CPU.Build.0 = Debug|Any CPU
		{BFC08D89-D395-40D2-B06C-D50CD48B5301}.Release|Any CPU.ActiveCfg = Release|Any CPU
		{BFC08D89-D395-40D2-B06C-D50CD48B5301}.Release|Any CPU.Build.0 = Release|Any CPU
		{A3677C92-CF89-4B02-8F6A-DE606B1D29EA}.Debug|Any CPU.ActiveCfg = Debug|Any CPU
		{A3677C92-CF89-4B02-8F6A-DE606B1D29EA}.Debug|Any CPU.Build.0 = Debug|Any CPU
		{A3677C92-CF89-4B02-8F6A-DE606B1D29EA}.Release|Any CPU.ActiveCfg = Release|Any CPU
		{A3677C92-CF89-4B02-8F6A-DE606B1D29EA}.Release|Any CPU.Build.0 = Release|Any CPU
		{48DF284F-F63B-40DC-8725-CC3F91E1C9AC}.Debug|Any CPU.ActiveCfg = Debug|Any CPU
		{48DF284F-F63B-40DC-8725-CC3F91E1C9AC}.Debug|Any CPU.Build.0 = Debug|Any CPU
		{48DF284F-F63B-40DC-8725-CC3F91E1C9AC}.Release|Any CPU.ActiveCfg = Release|Any CPU
		{48DF284F-F63B-40DC-8725-CC3F91E1C9AC}.Release|Any CPU.Build.0 = Release|Any CPU
		{9B664AD5-DECE-45C6-AC8D-2E205357473C}.Debug|Any CPU.ActiveCfg = Debug|Any CPU
		{9B664AD5-DECE-45C6-AC8D-2E205357473C}.Debug|Any CPU.Build.0 = Debug|Any CPU
		{9B664AD5-DECE-45C6-AC8D-2E205357473C}.Release|Any CPU.ActiveCfg = Release|Any CPU
		{9B664AD5-DECE-45C6-AC8D-2E205357473C}.Release|Any CPU.Build.0 = Release|Any CPU
		{118236A5-A79D-429F-9D55-FA070AABF880}.Debug|Any CPU.ActiveCfg = Debug|Any CPU
		{118236A5-A79D-429F-9D55-FA070AABF880}.Debug|Any CPU.Build.0 = Debug|Any CPU
		{118236A5-A79D-429F-9D55-FA070AABF880}.Release|Any CPU.ActiveCfg = Release|Any CPU
		{118236A5-A79D-429F-9D55-FA070AABF880}.Release|Any CPU.Build.0 = Release|Any CPU
		{69DA9E5F-97F1-4816-877E-6C1EB8C3C261}.Debug|Any CPU.ActiveCfg = Debug|Any CPU
		{69DA9E5F-97F1-4816-877E-6C1EB8C3C261}.Debug|Any CPU.Build.0 = Debug|Any CPU
		{69DA9E5F-97F1-4816-877E-6C1EB8C3C261}.Release|Any CPU.ActiveCfg = Release|Any CPU
		{69DA9E5F-97F1-4816-877E-6C1EB8C3C261}.Release|Any CPU.Build.0 = Release|Any CPU
		{90F1DDC9-A4FA-4CDE-97C5-D9D04F469754}.Debug|Any CPU.ActiveCfg = Debug|Any CPU
		{90F1DDC9-A4FA-4CDE-97C5-D9D04F469754}.Debug|Any CPU.Build.0 = Debug|Any CPU
		{90F1DDC9-A4FA-4CDE-97C5-D9D04F469754}.Release|Any CPU.ActiveCfg = Release|Any CPU
		{90F1DDC9-A4FA-4CDE-97C5-D9D04F469754}.Release|Any CPU.Build.0 = Release|Any CPU
		{5C124EFF-2834-4DB9-99D2-032998CA9371}.Debug|Any CPU.ActiveCfg = Debug|Any CPU
		{5C124EFF-2834-4DB9-99D2-032998CA9371}.Debug|Any CPU.Build.0 = Debug|Any CPU
		{5C124EFF-2834-4DB9-99D2-032998CA9371}.Release|Any CPU.ActiveCfg = Release|Any CPU
		{5C124EFF-2834-4DB9-99D2-032998CA9371}.Release|Any CPU.Build.0 = Release|Any CPU
		{B0F7FD27-7AC0-43E8-B5BB-1AB28D852B20}.Debug|Any CPU.ActiveCfg = Debug|Any CPU
		{B0F7FD27-7AC0-43E8-B5BB-1AB28D852B20}.Debug|Any CPU.Build.0 = Debug|Any CPU
		{B0F7FD27-7AC0-43E8-B5BB-1AB28D852B20}.Release|Any CPU.ActiveCfg = Release|Any CPU
		{B0F7FD27-7AC0-43E8-B5BB-1AB28D852B20}.Release|Any CPU.Build.0 = Release|Any CPU
		{0495B5FA-A148-4B72-842F-6CC3F4FA3E24}.Debug|Any CPU.ActiveCfg = Debug|Any CPU
		{0495B5FA-A148-4B72-842F-6CC3F4FA3E24}.Debug|Any CPU.Build.0 = Debug|Any CPU
		{0495B5FA-A148-4B72-842F-6CC3F4FA3E24}.Release|Any CPU.ActiveCfg = Release|Any CPU
		{0495B5FA-A148-4B72-842F-6CC3F4FA3E24}.Release|Any CPU.Build.0 = Release|Any CPU
	EndGlobalSection
	GlobalSection(SolutionProperties) = preSolution
		HideSolutionNode = FALSE
	EndGlobalSection
	GlobalSection(ExtensibilityGlobals) = postSolution
		SolutionGuid = {C8DBEDD6-25C0-488B-8592-6DDA5DEA959F}
	EndGlobalSection
EndGlobal
